
Microsoft Visual Studio Solution File, Format Version 12.00
# Visual Studio Version 17
VisualStudioVersion = 17.0.31903.59
MinimumVisualStudioVersion = 10.0.40219.1
Project("{2150E333-8FDC-42A3-9474-1A3956D46DE8}") = "src", "src", "{827E0CD3-B72D-47B6-A68D-7590B98EB39B}"
EndProject
Project("{FAE04EC0-301F-11D3-BF4B-00C04F79EFBC}") = "Conciliador.Core", "src\Conciliador.Core\Conciliador.Core.csproj", "{DA7BBB2B-A3D5-45FE-9B28-F692BE5C6E8C}"
EndProject
Project("{FAE04EC0-301F-11D3-BF4B-00C04F79EFBC}") = "Conciliador.Api", "src\Conciliador.Api\Conciliador.Api.csproj", "{DBF6F621-2BB6-4902-86B8-0ED5DAF95C88}"
EndProject
Project("{FAE04EC0-301F-11D3-BF4B-00C04F79EFBC}") = "Conciliador.Tests", "tests\Conciliador.Tests\Conciliador.Tests.csproj", "{39C5B72E-DA7C-45A6-ADCB-F1346DC2EA83}"
EndProject
Global
	GlobalSection(SolutionConfigurationPlatforms) = preSolution
		Debug|Any CPU = Debug|Any CPU
		Debug|x64 = Debug|x64
		Debug|x86 = Debug|x86
		Release|Any CPU = Release|Any CPU
		Release|x64 = Release|x64
		Release|x86 = Release|x86
	EndGlobalSection
	GlobalSection(ProjectConfigurationPlatforms) = postSolution
		{DA7BBB2B-A3D5-45FE-9B28-F692BE5C6E8C}.Debug|Any CPU.ActiveCfg = Debug|Any CPU
		{DA7BBB2B-A3D5-45FE-9B28-F692BE5C6E8C}.Debug|Any CPU.Build.0 = Debug|Any CPU
		{DA7BBB2B-A3D5-45FE-9B28-F692BE5C6E8C}.Debug|x64.ActiveCfg = Debug|Any CPU
		{DA7BBB2B-A3D5-45FE-9B28-F692BE5C6E8C}.Debug|x64.Build.0 = Debug|Any CPU
		{DA7BBB2B-A3D5-45FE-9B28-F692BE5C6E8C}.Debug|x86.ActiveCfg = Debug|Any CPU
		{DA7BBB2B-A3D5-45FE-9B28-F692BE5C6E8C}.Debug|x86.Build.0 = Debug|Any CPU
		{DA7BBB2B-A3D5-45FE-9B28-F692BE5C6E8C}.Release|Any CPU.ActiveCfg = Release|Any CPU
		{DA7BBB2B-A3D5-45FE-9B28-F692BE5C6E8C}.Release|Any CPU.Build.0 = Release|Any CPU
		{DA7BBB2B-A3D5-45FE-9B28-F692BE5C6E8C}.Release|x64.ActiveCfg = Release|Any CPU
		{DA7BBB2B-A3D5-45FE-9B28-F692BE5C6E8C}.Release|x64.Build.0 = Release|Any CPU
		{DA7BBB2B-A3D5-45FE-9B28-F692BE5C6E8C}.Release|x86.ActiveCfg = Release|Any CPU
		{DA7BBB2B-A3D5-45FE-9B28-F692BE5C6E8C}.Release|x86.Build.0 = Release|Any CPU
		{DBF6F621-2BB6-4902-86B8-0ED5DAF95C88}.Debug|Any CPU.ActiveCfg = Debug|Any CPU
		{DBF6F621-2BB6-4902-86B8-0ED5DAF95C88}.Debug|Any CPU.Build.0 = Debug|Any CPU
		{DBF6F621-2BB6-4902-86B8-0ED5DAF95C88}.Debug|x64.ActiveCfg = Debug|Any CPU
		{DBF6F621-2BB6-4902-86B8-0ED5DAF95C88}.Debug|x64.Build.0 = Debug|Any CPU
		{DBF6F621-2BB6-4902-86B8-0ED5DAF95C88}.Debug|x86.ActiveCfg = Debug|Any CPU
		{DBF6F621-2BB6-4902-86B8-0ED5DAF95C88}.Debug|x86.Build.0 = Debug|Any CPU
		{DBF6F621-2BB6-4902-86B8-0ED5DAF95C88}.Release|Any CPU.ActiveCfg = Release|Any CPU
		{DBF6F621-2BB6-4902-86B8-0ED5DAF95C88}.Release|Any CPU.Build.0 = Release|Any CPU
		{DBF6F621-2BB6-4902-86B8-0ED5DAF95C88}.Release|x64.ActiveCfg = Release|Any CPU
		{DBF6F621-2BB6-4902-86B8-0ED5DAF95C88}.Release|x64.Build.0 = Release|Any CPU
		{DBF6F621-2BB6-4902-86B8-0ED5DAF95C88}.Release|x86.ActiveCfg = Release|Any CPU
		{DBF6F621-2BB6-4902-86B8-0ED5DAF95C88}.Release|x86.Build.0 = Release|Any CPU
		{39C5B72E-DA7C-45A6-ADCB-F1346DC2EA83}.Debug|Any CPU.ActiveCfg = Debug|Any CPU
		{39C5B72E-DA7C-45A6-ADCB-F1346DC2EA83}.Debug|Any CPU.Build.0 = Debug|Any CPU
		{39C5B72E-DA7C-45A6-ADCB-F1346DC2EA83}.Debug|x64.ActiveCfg = Debug|Any CPU
		{39C5B72E-DA7C-45A6-ADCB-F1346DC2EA83}.Debug|x64.Build.0 = Debug|Any CPU
		{39C5B72E-DA7C-45A6-ADCB-F1346DC2EA83}.Debug|x86.ActiveCfg = Debug|Any CPU
		{39C5B72E-DA7C-45A6-ADCB-F1346DC2EA83}.Debug|x86.Build.0 = Debug|Any CPU
		{39C5B72E-DA7C-45A6-ADCB-F1346DC2EA83}.Release|Any CPU.ActiveCfg = Release|Any CPU
		{39C5B72E-DA7C-45A6-ADCB-F1346DC2EA83}.Release|Any CPU.Build.0 = Release|Any CPU
		{39C5B72E-DA7C-45A6-ADCB-F1346DC2EA83}.Release|x64.ActiveCfg = Release|Any CPU
		{39C5B72E-DA7C-45A6-ADCB-F1346DC2EA83}.Release|x64.Build.0 = Release|Any CPU
		{39C5B72E-DA7C-45A6-ADCB-F1346DC2EA83}.Release|x86.ActiveCfg = Release|Any CPU
		{39C5B72E-DA7C-45A6-ADCB-F1346DC2EA83}.Release|x86.Build.0 = Release|Any CPU
	EndGlobalSection
	GlobalSection(SolutionProperties) = preSolution
		HideSolutionNode = FALSE
	EndGlobalSection
	GlobalSection(NestedProjects) = preSolution
		{DA7BBB2B-A3D5-45FE-9B28-F692BE5C6E8C} = {827E0CD3-B72D-47B6-A68D-7590B98EB39B}
		{DBF6F621-2BB6-4902-86B8-0ED5DAF95C88} = {827E0CD3-B72D-47B6-A68D-7590B98EB39B}
		{39C5B72E-DA7C-45A6-ADCB-F1346DC2EA83} = {827E0CD3-B72D-47B6-A68D-7590B98EB39B}
	EndGlobalSection
EndGlobal
